{
    "_readme": [
        "This file locks the dependencies of your project to a known state",
        "Read more about it at https://getcomposer.org/doc/01-basic-usage.md#composer-lock-the-lock-file",
        "This file is @generated automatically"
    ],
    "content-hash": "eeef092788bdebc96dd6502d2bd2683e",
    "packages": [
        {
            "name": "doctrine/instantiator",
            "version": "dev-master",
            "source": {
                "type": "git",
                "url": "https://github.com/doctrine/instantiator.git",
                "reference": "dcbbb92ee8534a4244559f3b0e5702dd30b43f47"
            },
            "dist": {
                "type": "zip",
                "url": "https://api.github.com/repos/doctrine/instantiator/zipball/dcbbb92ee8534a4244559f3b0e5702dd30b43f47",
                "reference": "dcbbb92ee8534a4244559f3b0e5702dd30b43f47",
                "shasum": ""
            },
            "require": {
                "php": "^7.1"
            },
            "require-dev": {
                "doctrine/coding-standard": "~2.1.0",
                "ext-pdo": "*",
                "ext-phar": "*",
                "phpunit/phpunit": "^6.5.5"
            },
            "type": "library",
            "extra": {
                "branch-alias": {
                    "dev-master": "1.2.x-dev"
                }
            },
            "autoload": {
                "psr-4": {
                    "Doctrine\\Instantiator\\": "src/Doctrine/Instantiator/"
                }
            },
            "notification-url": "https://packagist.org/downloads/",
            "license": [
                "MIT"
            ],
            "authors": [
                {
                    "name": "Marco Pivetta",
                    "email": "ocramius@gmail.com",
                    "homepage": "http://ocramius.github.com/"
                }
            ],
            "description": "A small, lightweight utility to instantiate objects in PHP without invoking their constructors",
            "homepage": "https://github.com/doctrine/instantiator",
            "keywords": [
                "constructor",
                "instantiate"
            ],
            "time": "2018-01-29T06:31:30+00:00"
        },
        {
            "name": "myclabs/deep-copy",
            "version": "1.x-dev",
            "source": {
                "type": "git",
                "url": "https://github.com/myclabs/DeepCopy.git",
                "reference": "9f807201f6e6a8b7ab3582d815511d1807c9c202"
            },
            "dist": {
                "type": "zip",
                "url": "https://api.github.com/repos/myclabs/DeepCopy/zipball/9f807201f6e6a8b7ab3582d815511d1807c9c202",
                "reference": "9f807201f6e6a8b7ab3582d815511d1807c9c202",
                "shasum": ""
            },
            "require": {
                "php": "^7.1"
            },
            "require-dev": {
                "doctrine/collections": "^1.0",
                "doctrine/common": "^2.6",
                "phpunit/phpunit": "^6.4"
            },
            "type": "library",
            "extra": {
                "branch-alias": {
                    "dev-1.x": "1.x-dev"
                }
            },
            "autoload": {
                "psr-4": {
                    "DeepCopy\\": "src/DeepCopy/"
                },
                "files": [
                    "src/DeepCopy/deep_copy.php"
                ]
            },
            "notification-url": "https://packagist.org/downloads/",
            "license": [
                "MIT"
            ],
            "description": "Create deep copies (clones) of your objects",
            "keywords": [
                "clone",
                "copy",
                "duplicate",
                "object",
                "object graph"
            ],
            "time": "2017-12-18T00:20:24+00:00"
        },
        {
            "name": "phpdocumentor/reflection-common",
            "version": "dev-master",
            "source": {
                "type": "git",
                "url": "https://github.com/phpDocumentor/ReflectionCommon.git",
                "reference": "81339187a96c6fdb70cd876b129891f8ca501508"
            },
            "dist": {
                "type": "zip",
                "url": "https://api.github.com/repos/phpDocumentor/ReflectionCommon/zipball/81339187a96c6fdb70cd876b129891f8ca501508",
                "reference": "81339187a96c6fdb70cd876b129891f8ca501508",
                "shasum": ""
            },
            "require": {
                "php": ">=7.1"
            },
            "require-dev": {
                "phpunit/phpunit": "^6"
            },
            "type": "library",
            "extra": {
                "branch-alias": {
                    "dev-master": "2.x-dev"
                }
            },
            "autoload": {
                "psr-4": {
                    "phpDocumentor\\Reflection\\": [
                        "src"
                    ]
                }
            },
            "notification-url": "https://packagist.org/downloads/",
            "license": [
                "MIT"
            ],
            "authors": [
                {
                    "name": "Jaap van Otterdijk",
                    "email": "opensource@ijaap.nl"
                }
            ],
            "description": "Common reflection classes used by phpdocumentor to reflect the code structure",
            "homepage": "http://www.phpdoc.org",
            "keywords": [
                "FQSEN",
                "phpDocumentor",
                "phpdoc",
                "reflection",
                "static analysis"
            ],
            "time": "2018-02-14T18:58:54+00:00"
        },
        {
            "name": "phpdocumentor/reflection-docblock",
            "version": "dev-master",
            "source": {
                "type": "git",
                "url": "https://github.com/phpDocumentor/ReflectionDocBlock.git",
                "reference": "182609736818dc750d42470c0be2a5ed74bad3bd"
            },
            "dist": {
                "type": "zip",
                "url": "https://api.github.com/repos/phpDocumentor/ReflectionDocBlock/zipball/182609736818dc750d42470c0be2a5ed74bad3bd",
                "reference": "182609736818dc750d42470c0be2a5ed74bad3bd",
                "shasum": ""
            },
            "require": {
                "php": ">=7.1",
                "phpdocumentor/type-resolver": "^0",
                "webmozart/assert": "^1"
            },
            "require-dev": {
                "doctrine/instantiator": "^1",
                "mockery/mockery": "^1"
            },
            "type": "library",
            "extra": {
                "branch-alias": {
                    "dev-master": "4.x-dev"
                }
            },
            "autoload": {
                "psr-4": {
                    "phpDocumentor\\Reflection\\": "src"
                }
            },
            "notification-url": "https://packagist.org/downloads/",
            "license": [
                "MIT"
            ],
            "authors": [
                {
                    "name": "Mike van Riel",
                    "email": "me@mikevanriel.com"
                }
            ],
            "description": "With this component, a library can provide support for annotations via DocBlocks or otherwise retrieve information that is embedded in a DocBlock.",
            "time": "2018-02-14T19:00:58+00:00"
        },
        {
            "name": "phpdocumentor/type-resolver",
            "version": "dev-master",
            "source": {
                "type": "git",
                "url": "https://github.com/phpDocumentor/TypeResolver.git",
                "reference": "69bf1b199584f2004365a150c2e6cfbe852b6d66"
            },
            "dist": {
                "type": "zip",
                "url": "https://api.github.com/repos/phpDocumentor/TypeResolver/zipball/69bf1b199584f2004365a150c2e6cfbe852b6d66",
                "reference": "69bf1b199584f2004365a150c2e6cfbe852b6d66",
                "shasum": ""
            },
            "require": {
                "php": ">=7.1",
                "phpdocumentor/reflection-common": "^2"
            },
            "require-dev": {
                "mockery/mockery": "^1.0",
                "phpunit/phpunit": "^6.5"
            },
            "type": "library",
            "extra": {
                "branch-alias": {
                    "dev-master": "0.x-dev"
                }
            },
            "autoload": {
                "psr-4": {
                    "phpDocumentor\\Reflection\\": "src"
                }
            },
            "notification-url": "https://packagist.org/downloads/",
            "license": [
                "MIT"
            ],
            "authors": [
                {
                    "name": "Mike van Riel",
                    "email": "me@mikevanriel.com"
                }
            ],
            "time": "2018-02-14T18:59:20+00:00"
        },
        {
            "name": "phpspec/prophecy",
            "version": "dev-master",
            "source": {
                "type": "git",
                "url": "https://github.com/phpspec/prophecy.git",
                "reference": "dfd6be44111a7c41c2e884a336cc4f461b3b2401"
            },
            "dist": {
                "type": "zip",
                "url": "https://api.github.com/repos/phpspec/prophecy/zipball/dfd6be44111a7c41c2e884a336cc4f461b3b2401",
                "reference": "dfd6be44111a7c41c2e884a336cc4f461b3b2401",
                "shasum": ""
            },
            "require": {
                "doctrine/instantiator": "^1.0.2",
                "php": "^5.3|^7.0",
                "phpdocumentor/reflection-docblock": "^2.0|^3.0.2|^4.0",
                "sebastian/comparator": "^1.1|^2.0",
                "sebastian/recursion-context": "^1.0|^2.0|^3.0"
            },
            "require-dev": {
                "phpspec/phpspec": "^2.5|^3.2",
                "phpunit/phpunit": "^4.8.35 || ^5.7 || ^6.5"
            },
            "type": "library",
            "extra": {
                "branch-alias": {
                    "dev-master": "1.7.x-dev"
                }
            },
            "autoload": {
                "psr-0": {
                    "Prophecy\\": "src/"
                }
            },
            "notification-url": "https://packagist.org/downloads/",
            "license": [
                "MIT"
            ],
            "authors": [
                {
                    "name": "Konstantin Kudryashov",
                    "email": "ever.zet@gmail.com",
                    "homepage": "http://everzet.com"
                },
                {
                    "name": "Marcello Duarte",
                    "email": "marcello.duarte@gmail.com"
                }
            ],
            "description": "Highly opinionated mocking framework for PHP 5.3+",
            "homepage": "https://github.com/phpspec/prophecy",
            "keywords": [
                "Double",
                "Dummy",
                "fake",
                "mock",
                "spy",
                "stub"
            ],
            "time": "2018-02-19T10:16:54+00:00"
        },
        {
            "name": "phpunit/php-file-iterator",
            "version": "1.4.x-dev",
            "source": {
                "type": "git",
                "url": "https://github.com/sebastianbergmann/php-file-iterator.git",
                "reference": "730b01bc3e867237eaac355e06a36b85dd93a8b4"
            },
            "dist": {
                "type": "zip",
                "url": "https://api.github.com/repos/sebastianbergmann/php-file-iterator/zipball/730b01bc3e867237eaac355e06a36b85dd93a8b4",
                "reference": "730b01bc3e867237eaac355e06a36b85dd93a8b4",
                "shasum": ""
            },
            "require": {
                "php": ">=5.3.3"
            },
            "type": "library",
            "extra": {
                "branch-alias": {
                    "dev-master": "1.4.x-dev"
                }
            },
            "autoload": {
                "classmap": [
                    "src/"
                ]
            },
            "notification-url": "https://packagist.org/downloads/",
            "license": [
                "BSD-3-Clause"
            ],
            "authors": [
                {
                    "name": "Sebastian Bergmann",
                    "email": "sb@sebastian-bergmann.de",
                    "role": "lead"
                }
            ],
            "description": "FilterIterator implementation that filters files based on a list of suffixes.",
            "homepage": "https://github.com/sebastianbergmann/php-file-iterator/",
            "keywords": [
                "filesystem",
                "iterator"
            ],
            "time": "2017-11-27T13:52:08+00:00"
        },
        {
            "name": "phpunit/php-timer",
            "version": "1.0.x-dev",
            "source": {
                "type": "git",
                "url": "https://github.com/sebastianbergmann/php-timer.git",
                "reference": "9513098641797ce5f459dbc1de5a54c29b0ec1fb"
            },
            "dist": {
                "type": "zip",
                "url": "https://api.github.com/repos/sebastianbergmann/php-timer/zipball/9513098641797ce5f459dbc1de5a54c29b0ec1fb",
                "reference": "9513098641797ce5f459dbc1de5a54c29b0ec1fb",
                "shasum": ""
            },
            "require": {
                "php": "^5.3.3 || ^7.0"
            },
            "require-dev": {
                "phpunit/phpunit": "^4.8.35 || ^5.7 || ^6.0"
            },
            "type": "library",
            "extra": {
                "branch-alias": {
                    "dev-master": "1.0-dev"
                }
            },
            "autoload": {
                "classmap": [
                    "src/"
                ]
            },
            "notification-url": "https://packagist.org/downloads/",
            "license": [
                "BSD-3-Clause"
            ],
            "authors": [
                {
                    "name": "Sebastian Bergmann",
                    "email": "sb@sebastian-bergmann.de",
                    "role": "lead"
                }
            ],
            "description": "Utility class for timing",
            "homepage": "https://github.com/sebastianbergmann/php-timer/",
            "keywords": [
                "timer"
            ],
            "time": "2018-01-06T05:27:16+00:00"
        },
        {
            "name": "phpunit/php-token-stream",
            "version": "2.0.x-dev",
            "source": {
                "type": "git",
                "url": "https://github.com/sebastianbergmann/php-token-stream.git",
                "reference": "13eb9aba9626b1a3811c6a492acc9669d24bb85a"
            },
            "dist": {
                "type": "zip",
                "url": "https://api.github.com/repos/sebastianbergmann/php-token-stream/zipball/13eb9aba9626b1a3811c6a492acc9669d24bb85a",
                "reference": "13eb9aba9626b1a3811c6a492acc9669d24bb85a",
                "shasum": ""
            },
            "require": {
                "ext-tokenizer": "*",
                "php": "^7.0"
            },
            "require-dev": {
                "phpunit/phpunit": "^6.2.4"
            },
            "type": "library",
            "extra": {
                "branch-alias": {
                    "dev-master": "2.0-dev"
                }
            },
            "autoload": {
                "classmap": [
                    "src/"
                ]
            },
            "notification-url": "https://packagist.org/downloads/",
            "license": [
                "BSD-3-Clause"
            ],
            "authors": [
                {
                    "name": "Sebastian Bergmann",
                    "email": "sebastian@phpunit.de"
                }
            ],
            "description": "Wrapper around PHP's tokenizer extension.",
            "homepage": "https://github.com/sebastianbergmann/php-token-stream/",
            "keywords": [
                "tokenizer"
            ],
            "time": "2017-11-27T08:47:38+00:00"
        },
        {
            "name": "sebastian/code-unit-reverse-lookup",
            "version": "dev-master",
            "source": {
                "type": "git",
                "url": "https://github.com/sebastianbergmann/code-unit-reverse-lookup.git",
                "reference": "3488be0a7b346cd6e5361510ed07e88f9bea2e88"
            },
            "dist": {
                "type": "zip",
                "url": "https://api.github.com/repos/sebastianbergmann/code-unit-reverse-lookup/zipball/3488be0a7b346cd6e5361510ed07e88f9bea2e88",
                "reference": "3488be0a7b346cd6e5361510ed07e88f9bea2e88",
                "shasum": ""
            },
            "require": {
                "php": "^5.6 || ^7.0"
            },
            "require-dev": {
                "phpunit/phpunit": "^5.7 || ^6.0"
            },
            "type": "library",
            "extra": {
                "branch-alias": {
                    "dev-master": "1.0.x-dev"
                }
            },
            "autoload": {
                "classmap": [
                    "src/"
                ]
            },
            "notification-url": "https://packagist.org/downloads/",
            "license": [
                "BSD-3-Clause"
            ],
            "authors": [
                {
                    "name": "Sebastian Bergmann",
                    "email": "sebastian@phpunit.de"
                }
            ],
            "description": "Looks up which function or method a line of code belongs to",
            "homepage": "https://github.com/sebastianbergmann/code-unit-reverse-lookup/",
            "time": "2017-03-04T10:23:55+00:00"
        },
        {
            "name": "sebastian/comparator",
            "version": "1.2.x-dev",
            "source": {
                "type": "git",
                "url": "https://github.com/sebastianbergmann/comparator.git",
                "reference": "18a5d97c25f408f48acaf6d1b9f4079314c5996a"
            },
            "dist": {
                "type": "zip",
                "url": "https://api.github.com/repos/sebastianbergmann/comparator/zipball/18a5d97c25f408f48acaf6d1b9f4079314c5996a",
                "reference": "18a5d97c25f408f48acaf6d1b9f4079314c5996a",
                "shasum": ""
            },
            "require": {
                "php": ">=5.3.3",
                "sebastian/diff": "~1.2",
                "sebastian/exporter": "~1.2 || ~2.0"
            },
            "require-dev": {
                "phpunit/phpunit": "~4.4"
            },
            "type": "library",
            "extra": {
                "branch-alias": {
                    "dev-master": "1.2.x-dev"
                }
            },
            "autoload": {
                "classmap": [
                    "src/"
                ]
            },
            "notification-url": "https://packagist.org/downloads/",
            "license": [
                "BSD-3-Clause"
            ],
            "authors": [
                {
                    "name": "Jeff Welch",
                    "email": "whatthejeff@gmail.com"
                },
                {
                    "name": "Volker Dusch",
                    "email": "github@wallbash.com"
                },
                {
                    "name": "Bernhard Schussek",
                    "email": "bschussek@2bepublished.at"
                },
                {
                    "name": "Sebastian Bergmann",
                    "email": "sebastian@phpunit.de"
                }
            ],
            "description": "Provides the functionality to compare PHP values for equality",
            "homepage": "http://www.github.com/sebastianbergmann/comparator",
            "keywords": [
                "comparator",
                "compare",
                "equality"
            ],
            "time": "2017-03-07T10:34:43+00:00"
        },
        {
            "name": "sebastian/diff",
            "version": "1.4.x-dev",
            "source": {
                "type": "git",
                "url": "https://github.com/sebastianbergmann/diff.git",
                "reference": "7f066a26a962dbe58ddea9f72a4e82874a3975a4"
            },
            "dist": {
                "type": "zip",
                "url": "https://api.github.com/repos/sebastianbergmann/diff/zipball/7f066a26a962dbe58ddea9f72a4e82874a3975a4",
                "reference": "7f066a26a962dbe58ddea9f72a4e82874a3975a4",
                "shasum": ""
            },
            "require": {
                "php": "^5.3.3 || ^7.0"
            },
            "require-dev": {
                "phpunit/phpunit": "^4.8.35 || ^5.7 || ^6.0"
            },
            "type": "library",
            "extra": {
                "branch-alias": {
                    "dev-master": "1.4-dev"
                }
            },
            "autoload": {
                "classmap": [
                    "src/"
                ]
            },
            "notification-url": "https://packagist.org/downloads/",
            "license": [
                "BSD-3-Clause"
            ],
            "authors": [
                {
                    "name": "Kore Nordmann",
                    "email": "mail@kore-nordmann.de"
                },
                {
                    "name": "Sebastian Bergmann",
                    "email": "sebastian@phpunit.de"
                }
            ],
            "description": "Diff implementation",
            "homepage": "https://github.com/sebastianbergmann/diff",
            "keywords": [
                "diff"
            ],
            "time": "2017-05-22T07:24:03+00:00"
        },
        {
            "name": "sebastian/environment",
            "version": "2.0.x-dev",
            "source": {
                "type": "git",
                "url": "https://github.com/sebastianbergmann/environment.git",
                "reference": "5795ffe5dc5b02460c3e34222fee8cbe245d8fac"
            },
            "dist": {
                "type": "zip",
                "url": "https://api.github.com/repos/sebastianbergmann/environment/zipball/5795ffe5dc5b02460c3e34222fee8cbe245d8fac",
                "reference": "5795ffe5dc5b02460c3e34222fee8cbe245d8fac",
                "shasum": ""
            },
            "require": {
                "php": "^5.6 || ^7.0"
            },
            "require-dev": {
                "phpunit/phpunit": "^5.0"
            },
            "type": "library",
            "extra": {
                "branch-alias": {
                    "dev-master": "2.0.x-dev"
                }
            },
            "autoload": {
                "classmap": [
                    "src/"
                ]
            },
            "notification-url": "https://packagist.org/downloads/",
            "license": [
                "BSD-3-Clause"
            ],
            "authors": [
                {
                    "name": "Sebastian Bergmann",
                    "email": "sebastian@phpunit.de"
                }
            ],
            "description": "Provides functionality to handle HHVM/PHP environments",
            "homepage": "http://www.github.com/sebastianbergmann/environment",
            "keywords": [
                "Xdebug",
                "environment",
                "hhvm"
            ],
            "time": "2016-11-26T07:53:53+00:00"
        },
        {
            "name": "sebastian/exporter",
            "version": "2.0.x-dev",
            "source": {
                "type": "git",
                "url": "https://github.com/sebastianbergmann/exporter.git",
                "reference": "5e8e30670c3f36481e75211dbbcfd029a41ebf07"
            },
            "dist": {
                "type": "zip",
                "url": "https://api.github.com/repos/sebastianbergmann/exporter/zipball/5e8e30670c3f36481e75211dbbcfd029a41ebf07",
                "reference": "5e8e30670c3f36481e75211dbbcfd029a41ebf07",
                "shasum": ""
            },
            "require": {
                "php": "^5.3.3 || ^7.0",
                "sebastian/recursion-context": "^2.0"
            },
            "require-dev": {
                "ext-mbstring": "*",
                "phpunit/phpunit": "^4.8.35 || ^5.7 || ^6.0"
            },
            "type": "library",
            "extra": {
                "branch-alias": {
                    "dev-master": "2.0.x-dev"
                }
            },
            "autoload": {
                "classmap": [
                    "src/"
                ]
            },
            "notification-url": "https://packagist.org/downloads/",
            "license": [
                "BSD-3-Clause"
            ],
            "authors": [
                {
                    "name": "Jeff Welch",
                    "email": "whatthejeff@gmail.com"
                },
                {
                    "name": "Volker Dusch",
                    "email": "github@wallbash.com"
                },
                {
                    "name": "Bernhard Schussek",
                    "email": "bschussek@2bepublished.at"
                },
                {
                    "name": "Sebastian Bergmann",
                    "email": "sebastian@phpunit.de"
                },
                {
                    "name": "Adam Harvey",
                    "email": "aharvey@php.net"
                }
            ],
            "description": "Provides the functionality to export PHP variables for visualization",
            "homepage": "http://www.github.com/sebastianbergmann/exporter",
            "keywords": [
                "export",
                "exporter"
            ],
            "time": "2017-03-07T10:36:49+00:00"
        },
        {
            "name": "sebastian/global-state",
            "version": "1.1.x-dev",
            "source": {
                "type": "git",
                "url": "https://github.com/sebastianbergmann/global-state.git",
                "reference": "cea85a84b00f2795341ebbbca4fa396347f2494e"
            },
            "dist": {
                "type": "zip",
                "url": "https://api.github.com/repos/sebastianbergmann/global-state/zipball/cea85a84b00f2795341ebbbca4fa396347f2494e",
                "reference": "cea85a84b00f2795341ebbbca4fa396347f2494e",
                "shasum": ""
            },
            "require": {
                "php": ">=5.3.3"
            },
            "require-dev": {
                "phpunit/phpunit": "~4.2|~5.0"
            },
            "suggest": {
                "ext-uopz": "*"
            },
            "type": "library",
            "extra": {
                "branch-alias": {
                    "dev-master": "1.0-dev"
                }
            },
            "autoload": {
                "classmap": [
                    "src/"
                ]
            },
            "notification-url": "https://packagist.org/downloads/",
            "license": [
                "BSD-3-Clause"
            ],
            "authors": [
                {
                    "name": "Sebastian Bergmann",
                    "email": "sebastian@phpunit.de"
                }
            ],
            "description": "Snapshotting of global state",
            "homepage": "http://www.github.com/sebastianbergmann/global-state",
            "keywords": [
                "global state"
            ],
            "time": "2017-02-23T14:11:06+00:00"
        },
        {
            "name": "sebastian/object-enumerator",
            "version": "2.0.x-dev",
            "source": {
                "type": "git",
                "url": "https://github.com/sebastianbergmann/object-enumerator.git",
                "reference": "c956fe7a68318639f694fc6bba0c89b7cdf1b08c"
            },
            "dist": {
                "type": "zip",
                "url": "https://api.github.com/repos/sebastianbergmann/object-enumerator/zipball/c956fe7a68318639f694fc6bba0c89b7cdf1b08c",
                "reference": "c956fe7a68318639f694fc6bba0c89b7cdf1b08c",
                "shasum": ""
            },
            "require": {
                "php": "^5.6 || ^7.0",
                "sebastian/recursion-context": "^2.0"
            },
            "require-dev": {
                "phpunit/phpunit": "^5.7"
            },
            "type": "library",
            "extra": {
                "branch-alias": {
                    "dev-master": "2.0.x-dev"
                }
            },
            "autoload": {
                "classmap": [
                    "src/"
                ]
            },
            "notification-url": "https://packagist.org/downloads/",
            "license": [
                "BSD-3-Clause"
            ],
            "authors": [
                {
                    "name": "Sebastian Bergmann",
                    "email": "sebastian@phpunit.de"
                }
            ],
            "description": "Traverses array structures and object graphs to enumerate all referenced objects",
            "homepage": "https://github.com/sebastianbergmann/object-enumerator/",
            "time": "2017-03-07T10:37:45+00:00"
        },
        {
            "name": "sebastian/recursion-context",
            "version": "2.0.x-dev",
            "source": {
                "type": "git",
                "url": "https://github.com/sebastianbergmann/recursion-context.git",
                "reference": "7e4d7c56f6e65d215f71ad913a5256e5439aca1c"
            },
            "dist": {
                "type": "zip",
                "url": "https://api.github.com/repos/sebastianbergmann/recursion-context/zipball/7e4d7c56f6e65d215f71ad913a5256e5439aca1c",
                "reference": "7e4d7c56f6e65d215f71ad913a5256e5439aca1c",
                "shasum": ""
            },
            "require": {
                "php": ">=5.3.3"
            },
            "require-dev": {
                "phpunit/phpunit": "~4.4"
            },
            "type": "library",
            "extra": {
                "branch-alias": {
                    "dev-master": "2.0.x-dev"
                }
            },
            "autoload": {
                "classmap": [
                    "src/"
                ]
            },
            "notification-url": "https://packagist.org/downloads/",
            "license": [
                "BSD-3-Clause"
            ],
            "authors": [
                {
                    "name": "Jeff Welch",
                    "email": "whatthejeff@gmail.com"
                },
                {
                    "name": "Sebastian Bergmann",
                    "email": "sebastian@phpunit.de"
                },
                {
                    "name": "Adam Harvey",
                    "email": "aharvey@php.net"
                }
            ],
            "description": "Provides functionality to recursively process PHP variables",
            "homepage": "http://www.github.com/sebastianbergmann/recursion-context",
            "time": "2017-03-08T08:21:15+00:00"
        },
        {
            "name": "sebastian/resource-operations",
            "version": "dev-master",
            "source": {
                "type": "git",
                "url": "https://github.com/sebastianbergmann/resource-operations.git",
                "reference": "fadc83f7c41fb2924e542635fea47ae546816ece"
            },
            "dist": {
                "type": "zip",
                "url": "https://api.github.com/repos/sebastianbergmann/resource-operations/zipball/fadc83f7c41fb2924e542635fea47ae546816ece",
                "reference": "fadc83f7c41fb2924e542635fea47ae546816ece",
                "shasum": ""
            },
            "require": {
                "php": ">=5.6.0"
            },
            "type": "library",
            "extra": {
                "branch-alias": {
                    "dev-master": "1.0.x-dev"
                }
            },
            "autoload": {
                "classmap": [
                    "src/"
                ]
            },
            "notification-url": "https://packagist.org/downloads/",
            "license": [
                "BSD-3-Clause"
            ],
            "authors": [
                {
                    "name": "Sebastian Bergmann",
                    "email": "sebastian@phpunit.de"
                }
            ],
            "description": "Provides a list of PHP built-in functions that operate on resources",
            "homepage": "https://www.github.com/sebastianbergmann/resource-operations",
            "time": "2016-10-03T07:43:09+00:00"
        },
        {
            "name": "webmozart/assert",
            "version": "dev-master",
            "source": {
                "type": "git",
                "url": "https://github.com/webmozart/assert.git",
                "reference": "0df1908962e7a3071564e857d86874dad1ef204a"
            },
            "dist": {
                "type": "zip",
                "url": "https://api.github.com/repos/webmozart/assert/zipball/0df1908962e7a3071564e857d86874dad1ef204a",
                "reference": "0df1908962e7a3071564e857d86874dad1ef204a",
                "shasum": ""
            },
            "require": {
                "php": "^5.3.3 || ^7.0"
            },
            "require-dev": {
                "phpunit/phpunit": "^4.6",
                "sebastian/version": "^1.0.1"
            },
            "type": "library",
            "extra": {
                "branch-alias": {
                    "dev-master": "1.3-dev"
                }
            },
            "autoload": {
                "psr-4": {
                    "Webmozart\\Assert\\": "src/"
                }
            },
            "notification-url": "https://packagist.org/downloads/",
            "license": [
                "MIT"
            ],
            "authors": [
                {
                    "name": "Bernhard Schussek",
                    "email": "bschussek@gmail.com"
                }
            ],
            "description": "Assertions to validate method input/output with nice error messages.",
            "keywords": [
                "assert",
                "check",
                "validate"
            ],
            "time": "2018-01-29T19:49:41+00:00"
        }
    ],
    "packages-dev": [],
    "aliases": [],
    "minimum-stability": "dev",
    "stability-flags": [],
    "prefer-stable": false,
    "prefer-lowest": false,
    "platform": [],
    "platform-dev": []
}
